
Microsoft Visual Studio Solution File, Format Version 12.00
# Visual Studio 2013
VisualStudioVersion = 12.0.21005.1
MinimumVisualStudioVersion = 10.0.40219.1
Project("{FAE04EC0-301F-11D3-BF4B-00C04F79EFBC}") = "BaiTH2", "BaiTH2\BaiTH2.csproj", "{B45B14F0-6A40-4713-BFA5-9B045CB84489}"
EndProject
Global
	GlobalSection(SolutionConfigurationPlatforms) = preSolution
		Debug|Any CPU = Debug|Any CPU
		Release|Any CPU = Release|Any CPU
	EndGlobalSection
	GlobalSection(ProjectConfigurationPlatforms) = postSolution
		{B45B14F0-6A40-4713-BFA5-9B045CB84489}.Debug|Any CPU.ActiveCfg = Debug|Any CPU
		{B45B14F0-6A40-4713-BFA5-9B045CB84489}.Debug|Any CPU.Build.0 = Debug|Any CPU
		{B45B14F0-6A40-4713-BFA5-9B045CB84489}.Release|Any CPU.ActiveCfg = Release|Any CPU
		{B45B14F0-6A40-4713-BFA5-9B045CB84489}.Release|Any CPU.Build.0 = Release|Any CPU
	EndGlobalSection
	GlobalSection(SolutionProperties) = preSolution
		HideSolutionNode = FALSE
	EndGlobalSection
EndGlobal
